
Microsoft Visual Studio Solution File, Format Version 12.00
# Visual Studio Version 17
VisualStudioVersion = 17.8.34330.188
MinimumVisualStudioVersion = 10.0.40219.1
Project("{FAE04EC0-301F-11D3-BF4B-00C04F79EFBC}") = "Serialization_Hnadset", "Serialization_Hnadset\Serialization_Hnadset.csproj", "{618C7755-07DC-41F8-A955-CA6F9AAC5454}"
EndProject
Global
	GlobalSection(SolutionConfigurationPlatforms) = preSolution
		Debug|Any CPU = Debug|Any CPU
		Release|Any CPU = Release|Any CPU
	EndGlobalSection
	GlobalSection(ProjectConfigurationPlatforms) = postSolution
		{618C7755-07DC-41F8-A955-CA6F9AAC5454}.Debug|Any CPU.ActiveCfg = Debug|Any CPU
		{618C7755-07DC-41F8-A955-CA6F9AAC5454}.Debug|Any CPU.Build.0 = Debug|Any CPU
		{618C7755-07DC-41F8-A955-CA6F9AAC5454}.Release|Any CPU.ActiveCfg = Release|Any CPU
		{618C7755-07DC-41F8-A955-CA6F9AAC5454}.Release|Any CPU.Build.0 = Release|Any CPU
	EndGlobalSection
	GlobalSection(SolutionProperties) = preSolution
		HideSolutionNode = FALSE
	EndGlobalSection
	GlobalSection(ExtensibilityGlobals) = postSolution
		SolutionGuid = {4F9F4A72-A6B4-4A79-857E-4F8EC66D8388}
	EndGlobalSection
EndGlobal
